hash: 5a852c401725538e6ed599b612c804a0cfada9c19c4511ce8b9adecc4ee18952
updated: 2016-04-08T16:44:22.546590445+02:00
imports:
- name: github.com/BurntSushi/toml
  version: bbd5bb678321a0d6e58f1099321dfa73391c1b6f
- name: github.com/imdario/mergo
  version: ea0151498788f6fab6365eae24f29f41c0ac0acc
- name: github.com/inconshreveable/mousetrap
  version: 76626ae9c91c4f2a10f34cad8ce83ea42c93bb75
- name: github.com/spf13/cobra
  version: 4c05eb1145f16d0e6bb4a3e1b6d769f4713cb41f
- name: github.com/spf13/pflag
  version: 7f60f83a2c81bc3c3c0d5297f61ddfa68da9d3b7
devImports: []
